
Microsoft Visual Studio Solution File, Format Version 12.00
# Visual Studio Version 16
VisualStudioVersion = 16.0.30717.126
MinimumVisualStudioVersion = 10.0.40219.1
Project("{FAE04EC0-301F-11D3-BF4B-00C04F79EFBC}") = "KhehraReasturant", "KhehraReasturant.csproj", "{F3C420D2-40E0-406C-B046-B68AE9B454EF}"
EndProject
Global
	GlobalSection(SolutionConfigurationPlatforms) = preSolution
		Debug|Any CPU = Debug|Any CPU
		Release|Any CPU = Release|Any CPU
	EndGlobalSection
	GlobalSection(ProjectConfigurationPlatforms) = postSolution
		{F3C420D2-40E0-406C-B046-B68AE9B454EF}.Debug|Any CPU.ActiveCfg = Debug|Any CPU
		{F3C420D2-40E0-406C-B046-B68AE9B454EF}.Debug|Any CPU.Build.0 = Debug|Any CPU
		{F3C420D2-40E0-406C-B046-B68AE9B454EF}.Release|Any CPU.ActiveCfg = Release|Any CPU
		{F3C420D2-40E0-406C-B046-B68AE9B454EF}.Release|Any CPU.Build.0 = Release|Any CPU
	EndGlobalSection
	GlobalSection(SolutionProperties) = preSolution
		HideSolutionNode = FALSE
	EndGlobalSection
	GlobalSection(ExtensibilityGlobals) = postSolution
		SolutionGuid = {050A4FF1-8B0F-4AA6-A91E-66596272FF7E}
	EndGlobalSection
EndGlobal
